
Microsoft Visual Studio Solution File, Format Version 12.00
# Visual Studio 15
VisualStudioVersion = 15.0.27130.2010
MinimumVisualStudioVersion = 10.0.40219.1
Project("{FAE04EC0-301F-11D3-BF4B-00C04F79EFBC}") = "HerokuNetCore", "HerokuNetCore\HerokuNetCore.csproj", "{FD62E570-4928-4F94-904E-006DDAAFA35C}"
EndProject
Global
	GlobalSection(SolutionConfigurationPlatforms) = preSolution
		Debug|Any CPU = Debug|Any CPU
		Release|Any CPU = Release|Any CPU
	EndGlobalSection
	GlobalSection(ProjectConfigurationPlatforms) = postSolution
		{FD62E570-4928-4F94-904E-006DDAAFA35C}.Debug|Any CPU.ActiveCfg = Debug|Any CPU
		{FD62E570-4928-4F94-904E-006DDAAFA35C}.Debug|Any CPU.Build.0 = Debug|Any CPU
		{FD62E570-4928-4F94-904E-006DDAAFA35C}.Release|Any CPU.ActiveCfg = Release|Any CPU
		{FD62E570-4928-4F94-904E-006DDAAFA35C}.Release|Any CPU.Build.0 = Release|Any CPU
	EndGlobalSection
	GlobalSection(SolutionProperties) = preSolution
		HideSolutionNode = FALSE
	EndGlobalSection
	GlobalSection(ExtensibilityGlobals) = postSolution
		SolutionGuid = {6A4BCE90-32E4-4546-8221-878C982CF913}
	EndGlobalSection
EndGlobal
